// !$*UTF8*$!
{
	archiveVersion = 1;
	classes = {
	};
	objectVersion = 46;
	objects = {

/* Begin PBXBuildFile section */
		3919348B1CE02DA900BA52EA /* AppDelegate.swift in Sources */ = {isa = PBXBuildFile; fileRef = 3919348A1CE02DA900BA52EA /* AppDelegate.swift */; };
		3919348D1CE02DA900BA52EA /* ViewController.swift in Sources */ = {isa = PBXBuildFile; fileRef = 3919348C1CE02DA900BA52EA /* ViewController.swift */; };
		391934901CE02DA900BA52EA /* Main.storyboard in Resources */ = {isa = PBXBuildFile; fileRef = 3919348E1CE02DA900BA52EA /* Main.storyboard */; };
		391934921CE02DA900BA52EA /* Assets.xcassets in Resources */ = {isa = PBXBuildFile; fileRef = 391934911CE02DA900BA52EA /* Assets.xcassets */; };
		391934951CE02DA900BA52EA /* LaunchScreen.storyboard in Resources */ = {isa = PBXBuildFile; fileRef = 391934931CE02DA900BA52EA /* LaunchScreen.storyboard */; };
		391934A01CE02DA900BA52EA /* CollectionTableTests.swift in Sources */ = {isa = PBXBuildFile; fileRef = 3919349F1CE02DA900BA52EA /* CollectionTableTests.swift */; };
		391934AB1CE02DA900BA52EA /* CollectionTableUITests.swift in Sources */ = {isa = PBXBuildFile; fileRef = 391934AA1CE02DA900BA52EA /* CollectionTableUITests.swift */; };
		391934B91CE03A7200BA52EA /* CollectionViewCell.swift in Sources */ = {isa = PBXBuildFile; fileRef = 391934B81CE03A7200BA52EA /* CollectionViewCell.swift */; };
		391934BB1CE0780000BA52EA /* CollectionHeaderView.swift in Sources */ = {isa = PBXBuildFile; fileRef = 391934BA1CE0780000BA52EA /* CollectionHeaderView.swift */; };
/* End PBXBuildFile section */

/* Begin PBXContainerItemProxy section */
		3919349C1CE02DA900BA52EA /* PBXContainerItemProxy */ = {
			isa = PBXContainerItemProxy;
			containerPortal = 3919347F1CE02DA900BA52EA /* Project object */;
			proxyType = 1;
			remoteGlobalIDString = 391934861CE02DA900BA52EA;
			remoteInfo = CollectionTable;
		};
		391934A71CE02DA900BA52EA /* PBXContainerItemProxy */ = {
			isa = PBXContainerItemProxy;
			containerPortal = 3919347F1CE02DA900BA52EA /* Project object */;
			proxyType = 1;
			remoteGlobalIDString = 391934861CE02DA900BA52EA;
			remoteInfo = CollectionTable;
		};
/* End PBXContainerItemProxy section */

/* Begin PBXFileReference section */
		391934871CE02DA900BA52EA /* CollectionTable.app */ = {isa = PBXFileReference; explicitFileType = wrapper.application; includeInIndex = 0; path = CollectionTable.app; sourceTree = BUILT_PRODUCTS_DIR; };
		3919348A1CE02DA900BA52EA /* AppDelegate.swift */ = {isa = PBXFileReference; lastKnownFileType = sourcecode.swift; path = AppDelegate.swift; sourceTree = "<group>"; };
		3919348C1CE02DA900BA52EA /* ViewController.swift */ = {isa = PBXFileReference; lastKnownFileType = sourcecode.swift; path = ViewController.swift; sourceTree = "<group>"; };
		3919348F1CE02DA900BA52EA /* Base */ = {isa = PBXFileReference; lastKnownFileType = file.storyboard; name = Base; path = Base.lproj/Main.storyboard; sourceTree = "<group>"; };
		391934911CE02DA900BA52EA /* Assets.xcassets */ = {isa = PBXFileReference; lastKnownFileType = folder.assetcatalog; path = Assets.xcassets; sourceTree = "<group>"; };
		391934941CE02DA900BA52EA /* Base */ = {isa = PBXFileReference; lastKnownFileType = file.storyboard; name = Base; path = Base.lproj/LaunchScreen.storyboard; sourceTree = "<group>"; };
		391934961CE02DA900BA52EA /* Info.plist */ = {isa = PBXFileReference; lastKnownFileType = text.plist.xml; path = Info.plist; sourceTree = "<group>"; };
		3919349B1CE02DA900BA52EA /* CollectionTableTests.xctest */ = {isa = PBXFileReference; explicitFileType = wrapper.cfbundle; includeInIndex = 0; path = CollectionTableTests.xctest; sourceTree = BUILT_PRODUCTS_DIR; };
		3919349F1CE02DA900BA52EA /* CollectionTableTests.swift */ = {isa = PBXFileReference; lastKnownFileType = sourcecode.swift; path = CollectionTableTests.swift; sourceTree = "<group>"; };
		391934A11CE02DA900BA52EA /* Info.plist */ = {isa = PBXFileReference; lastKnownFileType = text.plist.xml; path = Info.plist; sourceTree = "<group>"; };
		391934A61CE02DA900BA52EA /* CollectionTableUITests.xctest */ = {isa = PBXFileReference; explicitFileType = wrapper.cfbundle; includeInIndex = 0; path = CollectionTableUITests.xctest; sourceTree = BUILT_PRODUCTS_DIR; };
		391934AA1CE02DA900BA52EA /* CollectionTableUITests.swift */ = {isa = PBXFileReference; lastKnownFileType = sourcecode.swift; path = CollectionTableUITests.swift; sourceTree = "<group>"; };
		391934AC1CE02DA900BA52EA /* Info.plist */ = {isa = PBXFileReference; lastKnownFileType = text.plist.xml; path = Info.plist; sourceTree = "<group>"; };
		391934B81CE03A7200BA52EA /* CollectionViewCell.swift */ = {isa = PBXFileReference; fileEncoding = 4; lastKnownFileType = sourcecode.swift; path = CollectionViewCell.swift; sourceTree = "<group>"; };
		391934BA1CE0780000BA52EA /* CollectionHeaderView.swift */ = {isa = PBXFileReference; fileEncoding = 4; lastKnownFileType = sourcecode.swift; path = CollectionHeaderView.swift; sourceTree = "<group>"; };
/* End PBXFileReference section */

/* Begin PBXFrameworksBuildPhase section */
		391934841CE02DA900BA52EA /* Frameworks */ = {
			isa = PBXFrameworksBuildPhase;
			buildActionMask = 2147483647;
			files = (
			);
			runOnlyForDeploymentPostprocessing = 0;
		};
		391934981CE02DA900BA52EA /* Frameworks */ = {
			isa = PBXFrameworksBuildPhase;
			buildActionMask = 2147483647;
			files = (
			);
			runOnlyForDeploymentPostprocessing = 0;
		};
		391934A31CE02DA900BA52EA /* Frameworks */ = {
			isa = PBXFrameworksBuildPhase;
			buildActionMask = 2147483647;
			files = (
			);
			runOnlyForDeploymentPostprocessing = 0;
		};
/* End PBXFrameworksBuildPhase section */

/* Begin PBXGroup section */
		3919347E1CE02DA900BA52EA = {
			isa = PBXGroup;
			children = (
				391934891CE02DA900BA52EA /* CollectionTable */,
				3919349E1CE02DA900BA52EA /* CollectionTableTests */,
				391934A91CE02DA900BA52EA /* CollectionTableUITests */,
				391934881CE02DA900BA52EA /* Products */,
			);
			sourceTree = "<group>";
		};
		391934881CE02DA900BA52EA /* Products */ = {
			isa = PBXGroup;
			children = (
				391934871CE02DA900BA52EA /* CollectionTable.app */,
				3919349B1CE02DA900BA52EA /* CollectionTableTests.xctest */,
				391934A61CE02DA900BA52EA /* CollectionTableUITests.xctest */,
			);
			name = Products;
			sourceTree = "<group>";
		};
		391934891CE02DA900BA52EA /* CollectionTable */ = {
			isa = PBXGroup;
			children = (
				391934BC1CE0781E00BA52EA /* CollectionView */,
			);
			path = CollectionTable;
			sourceTree = "<group>";
		};
		3919349E1CE02DA900BA52EA /* CollectionTableTests */ = {
			isa = PBXGroup;
			children = (
				3919349F1CE02DA900BA52EA /* CollectionTableTests.swift */,
				391934A11CE02DA900BA52EA /* Info.plist */,
			);
			path = CollectionTableTests;
			sourceTree = "<group>";
		};
		391934A91CE02DA900BA52EA /* CollectionTableUITests */ = {
			isa = PBXGroup;
			children = (
				391934AA1CE02DA900BA52EA /* CollectionTableUITests.swift */,
				391934AC1CE02DA900BA52EA /* Info.plist */,
			);
			path = CollectionTableUITests;
			sourceTree = "<group>";
		};
		391934BC1CE0781E00BA52EA /* CollectionView */ = {
			isa = PBXGroup;
			children = (
				3919348C1CE02DA900BA52EA /* ViewController.swift */,
				391934B81CE03A7200BA52EA /* CollectionViewCell.swift */,
				391934BA1CE0780000BA52EA /* CollectionHeaderView.swift */,
				391934BD1CE0783B00BA52EA /* Info */,
			);
			name = CollectionView;
			sourceTree = "<group>";
		};
		391934BD1CE0783B00BA52EA /* Info */ = {
			isa = PBXGroup;
			children = (
				3919348A1CE02DA900BA52EA /* AppDelegate.swift */,
				3919348E1CE02DA900BA52EA /* Main.storyboard */,
				391934911CE02DA900BA52EA /* Assets.xcassets */,
				391934931CE02DA900BA52EA /* LaunchScreen.storyboard */,
				391934961CE02DA900BA52EA /* Info.plist */,
			);
			name = Info;
			sourceTree = "<group>";
		};
/* End PBXGroup section */

/* Begin PBXNativeTarget section */
		391934861CE02DA900BA52EA /* CollectionTable */ = {
			isa = PBXNativeTarget;
			buildConfigurationList = 391934AF1CE02DA900BA52EA /* Build configuration list for PBXNativeTarget "CollectionTable" */;
			buildPhases = (
				391934831CE02DA900BA52EA /* Sources */,
				391934841CE02DA900BA52EA /* Frameworks */,
				391934851CE02DA900BA52EA /* Resources */,
			);
			buildRules = (
			);
			dependencies = (
			);
			name = CollectionTable;
			productName = CollectionTable;
			productReference = 391934871CE02DA900BA52EA /* CollectionTable.app */;
			productType = "com.apple.product-type.application";
		};
		3919349A1CE02DA900BA52EA /* CollectionTableTests */ = {
			isa = PBXNativeTarget;
			buildConfigurationList = 391934B21CE02DA900BA52EA /* Build configuration list for PBXNativeTarget "CollectionTableTests" */;
			buildPhases = (
				391934971CE02DA900BA52EA /* Sources */,
				391934981CE02DA900BA52EA /* Frameworks */,
				391934991CE02DA900BA52EA /* Resources */,
			);
			buildRules = (
			);
			dependencies = (
				3919349D1CE02DA900BA52EA /* PBXTargetDependency */,
			);
			name = CollectionTableTests;
			productName = CollectionTableTests;
			productReference = 3919349B1CE02DA900BA52EA /* CollectionTableTests.xctest */;
			productType = "com.apple.product-type.bundle.unit-test";
		};
		391934A51CE02DA900BA52EA /* CollectionTableUITests */ = {
			isa = PBXNativeTarget;
			buildConfigurationList = 391934B51CE02DA900BA52EA /* Build configuration list for PBXNativeTarget "CollectionTableUITests" */;
			buildPhases = (
				391934A21CE02DA900BA52EA /* Sources */,
				391934A31CE02DA900BA52EA /* Frameworks */,
				391934A41CE02DA900BA52EA /* Resources */,
			);
			buildRules = (
			);
			dependencies = (
				391934A81CE02DA900BA52EA /* PBXTargetDependency */,
			);
			name = CollectionTableUITests;
			productName = CollectionTableUITests;
			productReference = 391934A61CE02DA900BA52EA /* CollectionTableUITests.xctest */;
			productType = "com.apple.product-type.bundle.ui-testing";
		};
/* End PBXNativeTarget section */

/* Begin PBXProject section */
		3919347F1CE02DA900BA52EA /* Project object */ = {
			isa = PBXProject;
			attributes = {
				LastSwiftUpdateCheck = 0730;
				LastUpgradeCheck = 0730;
				ORGANIZATIONNAME = ZhouYang;
				TargetAttributes = {
					391934861CE02DA900BA52EA = {
						CreatedOnToolsVersion = 7.3;
					};
					3919349A1CE02DA900BA52EA = {
						CreatedOnToolsVersion = 7.3;
						TestTargetID = 391934861CE02DA900BA52EA;
					};
					391934A51CE02DA900BA52EA = {
						CreatedOnToolsVersion = 7.3;
						TestTargetID = 391934861CE02DA900BA52EA;
					};
				};
			};
			buildConfigurationList = 391934821CE02DA900BA52EA /* Build configuration list for PBXProject "CollectionTable" */;
			compatibilityVersion = "Xcode 3.2";
			developmentRegion = English;
			hasScannedForEncodings = 0;
			knownRegions = (
				en,
				Base,
			);
			mainGroup = 3919347E1CE02DA900BA52EA;
			productRefGroup = 391934881CE02DA900BA52EA /* Products */;
			projectDirPath = "";
			projectRoot = "";
			targets = (
				391934861CE02DA900BA52EA /* CollectionTable */,
				3919349A1CE02DA900BA52EA /* CollectionTableTests */,
				391934A51CE02DA900BA52EA /* CollectionTableUITests */,
			);
		};
/* End PBXProject section */

/* Begin PBXResourcesBuildPhase section */
		391934851CE02DA900BA52EA /* Resources */ = {
			isa = PBXResourcesBuildPhase;
			buildActionMask = 2147483647;
			files = (
				391934951CE02DA900BA52EA /* LaunchScreen.storyboard in Resources */,
				391934921CE02DA900BA52EA /* Assets.xcassets in Resources */,
				391934901CE02DA900BA52EA /* Main.storyboard in Resources */,
			);
			runOnlyForDeploymentPostprocessing = 0;
		};
		391934991CE02DA900BA52EA /* Resources */ = {
			isa = PBXResourcesBuildPhase;
			buildActionMask = 2147483647;
			files = (
			);
			runOnlyForDeploymentPostprocessing = 0;
		};
		391934A41CE02DA900BA52EA /* Resources */ = {
			isa = PBXResourcesBuildPhase;
			buildActionMask = 2147483647;
			files = (
			);
			runOnlyForDeploymentPostprocessing = 0;
		};
/* End PBXResourcesBuildPhase section */

/* Begin PBXSourcesBuildPhase section */
		391934831CE02DA900BA52EA /* Sources */ = {
			isa = PBXSourcesBuildPhase;
			buildActionMask = 2147483647;
			files = (
				3919348D1CE02DA900BA52EA /* ViewController.swift in Sources */,
				391934BB1CE0780000BA52EA /* CollectionHeaderView.swift in Sources */,
				3919348B1CE02DA900BA52EA /* AppDelegate.swift in Sources */,
				391934B91CE03A7200BA52EA /* CollectionViewCell.swift in Sources */,
			);
			runOnlyForDeploymentPostprocessing = 0;
		};
		391934971CE02DA900BA52EA /* Sources */ = {
			isa = PBXSourcesBuildPhase;
			buildActionMask = 2147483647;
			files = (
				391934A01CE02DA900BA52EA /* CollectionTableTests.swift in Sources */,
			);
			runOnlyForDeploymentPostprocessing = 0;
		};
		391934A21CE02DA900BA52EA /* Sources */ = {
			isa = PBXSourcesBuildPhase;
			buildActionMask = 2147483647;
			files = (
				391934AB1CE02DA900BA52EA /* CollectionTableUITests.swift in Sources */,
			);
			runOnlyForDeploymentPostprocessing = 0;
		};
/* End PBXSourcesBuildPhase section */

/* Begin PBXTargetDependency section */
		3919349D1CE02DA900BA52EA /* PBXTargetDependency */ = {
			isa = PBXTargetDependency;
			target = 391934861CE02DA900BA52EA /* CollectionTable */;
			targetProxy = 3919349C1CE02DA900BA52EA /* PBXContainerItemProxy */;
		};
		391934A81CE02DA900BA52EA /* PBXTargetDependency */ = {
			isa = PBXTargetDependency;
			target = 391934861CE02DA900BA52EA /* CollectionTable */;
			targetProxy = 391934A71CE02DA900BA52EA /* PBXContainerItemProxy */;
		};
/* End PBXTargetDependency section */

/* Begin PBXVariantGroup section */
		3919348E1CE02DA900BA52EA /* Main.storyboard */ = {
			isa = PBXVariantGroup;
			children = (
				3919348F1CE02DA900BA52EA /* Base */,
			);
			name = Main.storyboard;
			sourceTree = "<group>";
		};
		391934931CE02DA900BA52EA /* LaunchScreen.storyboard */ = {
			isa = PBXVariantGroup;
			children = (
				391934941CE02DA900BA52EA /* Base */,
			);
			name = LaunchScreen.storyboard;
			sourceTree = "<group>";
		};
/* End PBXVariantGroup section */

/* Begin XCBuildConfiguration section */
		391934AD1CE02DA900BA52EA /* Debug */ = {
			isa = XCBuildConfiguration;
			buildSettings = {
				ALWAYS_SEARCH_USER_PATHS = NO;
				CLANG_ANALYZER_NONNULL = YES;
				CLANG_CXX_LANGUAGE_STANDARD = "gnu++0x";
				CLANG_CXX_LIBRARY = "libc++";
				CLANG_ENABLE_MODULES = YES;
				CLANG_ENABLE_OBJC_ARC = YES;
				CLANG_WARN_BOOL_CONVERSION = YES;
				CLANG_WARN_CONSTANT_CONVERSION = YES;
				CLANG_WARN_DIRECT_OBJC_ISA_USAGE = YES_ERROR;
				CLANG_WARN_EMPTY_BODY = YES;
				CLANG_WARN_ENUM_CONVERSION = YES;
				CLANG_WARN_INT_CONVERSION = YES;
				CLANG_WARN_OBJC_ROOT_CLASS = YES_ERROR;
				CLANG_WARN_UNREACHABLE_CODE = YES;
				CLANG_WARN__DUPLICATE_METHOD_MATCH = YES;
				"CODE_SIGN_IDENTITY[sdk=iphoneos*]" = "iPhone Developer";
				COPY_PHASE_STRIP = NO;
				DEBUG_INFORMATION_FORMAT = dwarf;
				ENABLE_STRICT_OBJC_MSGSEND = YES;
				ENABLE_TESTABILITY = YES;
				GCC_C_LANGUAGE_STANDARD = gnu99;
				GCC_DYNAMIC_NO_PIC = NO;
				GCC_NO_COMMON_BLOCKS = YES;
				GCC_OPTIMIZATION_LEVEL = 0;
				GCC_PREPROCESSOR_DEFINITIONS = (
					"DEBUG=1",
					"$(inherited)",
				);
				GCC_WARN_64_TO_32_BIT_CONVERSION = YES;
				GCC_WARN_ABOUT_RETURN_TYPE = YES_ERROR;
				GCC_WARN_UNDECLARED_SELECTOR = YES;
				GCC_WARN_UNINITIALIZED_AUTOS = YES_AGGRESSIVE;
				GCC_WARN_UNUSED_FUNCTION = YES;
				GCC_WARN_UNUSED_VARIABLE = YES;
				IPHONEOS_DEPLOYMENT_TARGET = 9.3;
				MTL_ENABLE_DEBUG_INFO = YES;
				ONLY_ACTIVE_ARCH = YES;
				SDKROOT = iphoneos;
				SWIFT_OPTIMIZATION_LEVEL = "-Onone";
			};
			name = Debug;
		};
		391934AE1CE02DA900BA52EA /* Release */ = {
			isa = XCBuildConfiguration;
			buildSettings = {
				ALWAYS_SEARCH_USER_PATHS = NO;
				CLANG_ANALYZER_NONNULL = YES;
				CLANG_CXX_LANGUAGE_STANDARD = "gnu++0x";
				CLANG_CXX_LIBRARY = "libc++";
				CLANG_ENABLE_MODULES = YES;
				CLANG_ENABLE_OBJC_ARC = YES;
				CLANG_WARN_BOOL_CONVERSION = YES;
				CLANG_WARN_CONSTANT_CONVERSION = YES;
				CLANG_WARN_DIRECT_OBJC_ISA_USAGE = YES_ERROR;
				CLANG_WARN_EMPTY_BODY = YES;
				CLANG_WARN_ENUM_CONVERSION = YES;
				CLANG_WARN_INT_CONVERSION = YES;
				CLANG_WARN_OBJC_ROOT_CLASS = YES_ERROR;
				CLANG_WARN_UNREACHABLE_CODE = YES;
				CLANG_WARN__DUPLICATE_METHOD_MATCH = YES;
				"CODE_SIGN_IDENTITY[sdk=iphoneos*]" = "iPhone Developer";
				COPY_PHASE_STRIP = NO;
				DEBUG_INFORMATION_FORMAT = "dwarf-with-dsym";
				ENABLE_NS_ASSERTIONS = NO;
				ENABLE_STRICT_OBJC_MSGSEND = YES;
				GCC_C_LANGUAGE_STANDARD = gnu99;
				GCC_NO_COMMON_BLOCKS = YES;
				GCC_WARN_64_TO_32_BIT_CONVERSION = YES;
				GCC_WARN_ABOUT_RETURN_TYPE = YES_ERROR;
				GCC_WARN_UNDECLARED_SELECTOR = YES;
				GCC_WARN_UNINITIALIZED_AUTOS = YES_AGGRESSIVE;
				GCC_WARN_UNUSED_FUNCTION = YES;
				GCC_WARN_UNUSED_VARIABLE = YES;
				IPHONEOS_DEPLOYMENT_TARGET = 9.3;
				MTL_ENABLE_DEBUG_INFO = NO;
				SDKROOT = iphoneos;
				VALIDATE_PRODUCT = YES;
			};
			name = Release;
		};
		391934B01CE02DA900BA52EA /* Debug */ = {
			isa = XCBuildConfiguration;
			buildSettings = {
				ASSETCATALOG_COMPILER_APPICON_NAME = AppIcon;
				INFOPLIST_FILE = CollectionTable/Info.plist;
				LD_RUNPATH_SEARCH_PATHS = "$(inherited) @executable_path/Frameworks";
				PRODUCT_BUNDLE_IDENTIFIER = com.CollectionTable;
				PRODUCT_NAME = "$(TARGET_NAME)";
			};
			name = Debug;
		};
		391934B11CE02DA900BA52EA /* Release */ = {
			isa = XCBuildConfiguration;
			buildSettings = {
				ASSETCATALOG_COMPILER_APPICON_NAME = AppIcon;
				INFOPLIST_FILE = CollectionTable/Info.plist;
				LD_RUNPATH_SEARCH_PATHS = "$(inherited) @executable_path/Frameworks";
				PRODUCT_BUNDLE_IDENTIFIER = com.CollectionTable;
				PRODUCT_NAME = "$(TARGET_NAME)";
			};
			name = Release;
		};
		391934B31CE02DA900BA52EA /* Debug */ = {
			isa = XCBuildConfiguration;
			buildSettings = {
				BUNDLE_LOADER = "$(TEST_HOST)";
				INFOPLIST_FILE = CollectionTableTests/Info.plist;
				LD_RUNPATH_SEARCH_PATHS = "$(inherited) @executable_path/Frameworks @loader_path/Frameworks";
				PRODUCT_BUNDLE_IDENTIFIER = com.CollectionTableTests;
				PRODUCT_NAME = "$(TARGET_NAME)";
				TEST_HOST = "$(BUILT_PRODUCTS_DIR)/CollectionTable.app/CollectionTable";
			};
			name = Debug;
		};
		391934B41CE02DA900BA52EA /* Release */ = {
			isa = XCBuildConfiguration;
			buildSettings = {
				BUNDLE_LOADER = "$(TEST_HOST)";
				INFOPLIST_FILE = CollectionTableTests/Info.plist;
				LD_RUNPATH_SEARCH_PATHS = "$(inherited) @executable_path/Frameworks @loader_path/Frameworks";
				PRODUCT_BUNDLE_IDENTIFIER = com.CollectionTableTests;
				PRODUCT_NAME = "$(TARGET_NAME)";
				TEST_HOST = "$(BUILT_PRODUCTS_DIR)/CollectionTable.app/CollectionTable";
			};
			name = Release;
		};
		391934B61CE02DA900BA52EA /* Debug */ = {
			isa = XCBuildConfiguration;
			buildSettings = {
				INFOPLIST_FILE = CollectionTableUITests/Info.plist;
				LD_RUNPATH_SEARCH_PATHS = "$(inherited) @executable_path/Frameworks @loader_path/Frameworks";
				PRODUCT_BUNDLE_IDENTIFIER = com.CollectionTableUITests;
				PRODUCT_NAME = "$(TARGET_NAME)";
				TEST_TARGET_NAME = CollectionTable;
			};
			name = Debug;
		};
		391934B71CE02DA900BA52EA /* Release */ = {
			isa = XCBuildConfiguration;
			buildSettings = {
				INFOPLIST_FILE = CollectionTableUITests/Info.plist;
				LD_RUNPATH_SEARCH_PATHS = "$(inherited) @executable_path/Frameworks @loader_path/Frameworks";
				PRODUCT_BUNDLE_IDENTIFIER = com.CollectionTableUITests;
				PRODUCT_NAME = "$(TARGET_NAME)";
				TEST_TARGET_NAME = CollectionTable;
			};
			name = Release;
		};
/* End XCBuildConfiguration section */

/* Begin XCConfigurationList section */
		391934821CE02DA900BA52EA /* Build configuration list for PBXProject "CollectionTable" */ = {
			isa = XCConfigurationList;
			buildConfigurations = (
				391934AD1CE02DA900BA52EA /* Debug */,
				391934AE1CE02DA900BA52EA /* Release */,
			);
			defaultConfigurationIsVisible = 0;
			defaultConfigurationName = Release;
		};
		391934AF1CE02DA900BA52EA /* Build configuration list for PBXNativeTarget "CollectionTable" */ = {
			isa = XCConfigurationList;
			buildConfigurations = (
				391934B01CE02DA900BA52EA /* Debug */,
				391934B11CE02DA900BA52EA /* Release */,
			);
			defaultConfigurationIsVisible = 0;
			defaultConfigurationName = Release;
		};
		391934B21CE02DA900BA52EA /* Build configuration list for PBXNativeTarget "CollectionTableTests" */ = {
			isa = XCConfigurationList;
			buildConfigurations = (
				391934B31CE02DA900BA52EA /* Debug */,
				391934B41CE02DA900BA52EA /* Release */,
			);
			defaultConfigurationIsVisible = 0;
			defaultConfigurationName = Release;
		};
		391934B51CE02DA900BA52EA /* Build configuration list for PBXNativeTarget "CollectionTableUITests" */ = {
			isa = XCConfigurationList;
			buildConfigurations = (
				391934B61CE02DA900BA52EA /* Debug */,
				391934B71CE02DA900BA52EA /* Release */,
			);
			defaultConfigurationIsVisible = 0;
			defaultConfigurationName = Release;
		};
/* End XCConfigurationList section */
	};
	rootObject = 3919347F1CE02DA900BA52EA /* Project object */;
}
